
Microsoft Visual Studio Solution File, Format Version 12.00
# Visual Studio Version 17
VisualStudioVersion = 17.7.34031.279
MinimumVisualStudioVersion = 10.0.40219.1
Project("{9A19103F-16F7-4668-BE54-9A1E7A4F7556}") = "Automation AeC", "Automation AeC\Automation AeC.csproj", "{F04EB5E0-42F0-47DD-8CD0-DA0F7B5CF418}"
EndProject
Project("{9A19103F-16F7-4668-BE54-9A1E7A4F7556}") = "Automation.Domain", "Automation.Domain\Automation.Domain.csproj", "{8D93133B-178A-4058-B0A9-455FD1B887FE}"
EndProject
Project("{FAE04EC0-301F-11D3-BF4B-00C04F79EFBC}") = "Automation.Infraestructure", "Automation.Infraestructure\Automation.Infraestructure.csproj", "{D31E6729-0A57-4F1C-8758-D1ED45D2FB87}"
EndProject
Project("{FAE04EC0-301F-11D3-BF4B-00C04F79EFBC}") = "Automation.Service", "Automation.Service\Automation.Service.csproj", "{93E6BF8A-FB51-4E30-8002-0E2C386D28EB}"
EndProject
Global
	GlobalSection(SolutionConfigurationPlatforms) = preSolution
		Debug|Any CPU = Debug|Any CPU
		Release|Any CPU = Release|Any CPU
	EndGlobalSection
	GlobalSection(ProjectConfigurationPlatforms) = postSolution
		{F04EB5E0-42F0-47DD-8CD0-DA0F7B5CF418}.Debug|Any CPU.ActiveCfg = Debug|Any CPU
		{F04EB5E0-42F0-47DD-8CD0-DA0F7B5CF418}.Debug|Any CPU.Build.0 = Debug|Any CPU
		{F04EB5E0-42F0-47DD-8CD0-DA0F7B5CF418}.Release|Any CPU.ActiveCfg = Release|Any CPU
		{F04EB5E0-42F0-47DD-8CD0-DA0F7B5CF418}.Release|Any CPU.Build.0 = Release|Any CPU
		{8D93133B-178A-4058-B0A9-455FD1B887FE}.Debug|Any CPU.ActiveCfg = Debug|Any CPU
		{8D93133B-178A-4058-B0A9-455FD1B887FE}.Debug|Any CPU.Build.0 = Debug|Any CPU
		{8D93133B-178A-4058-B0A9-455FD1B887FE}.Release|Any CPU.ActiveCfg = Release|Any CPU
		{8D93133B-178A-4058-B0A9-455FD1B887FE}.Release|Any CPU.Build.0 = Release|Any CPU
		{D31E6729-0A57-4F1C-8758-D1ED45D2FB87}.Debug|Any CPU.ActiveCfg = Debug|Any CPU
		{D31E6729-0A57-4F1C-8758-D1ED45D2FB87}.Debug|Any CPU.Build.0 = Debug|Any CPU
		{D31E6729-0A57-4F1C-8758-D1ED45D2FB87}.Release|Any CPU.ActiveCfg = Release|Any CPU
		{D31E6729-0A57-4F1C-8758-D1ED45D2FB87}.Release|Any CPU.Build.0 = Release|Any CPU
		{93E6BF8A-FB51-4E30-8002-0E2C386D28EB}.Debug|Any CPU.ActiveCfg = Debug|Any CPU
		{93E6BF8A-FB51-4E30-8002-0E2C386D28EB}.Debug|Any CPU.Build.0 = Debug|Any CPU
		{93E6BF8A-FB51-4E30-8002-0E2C386D28EB}.Release|Any CPU.ActiveCfg = Release|Any CPU
		{93E6BF8A-FB51-4E30-8002-0E2C386D28EB}.Release|Any CPU.Build.0 = Release|Any CPU
	EndGlobalSection
	GlobalSection(SolutionProperties) = preSolution
		HideSolutionNode = FALSE
	EndGlobalSection
	GlobalSection(ExtensibilityGlobals) = postSolution
		SolutionGuid = {A796BF7D-47F3-49E7-A7C0-E16D0D9B6D5C}
	EndGlobalSection
EndGlobal
